// !$*UTF8*$!
{
	archiveVersion = 1;
	classes = {
	};
	objectVersion = 46;
	objects = {

/* Begin PBXBuildFile section */
		48104C211CAD1F6F00E53762 /* AppDelegate.swift in Sources */ = {isa = PBXBuildFile; fileRef = 48104C201CAD1F6F00E53762 /* AppDelegate.swift */; };
		48104C231CAD1F6F00E53762 /* ViewController.swift in Sources */ = {isa = PBXBuildFile; fileRef = 48104C221CAD1F6F00E53762 /* ViewController.swift */; };
		48104C261CAD1F6F00E53762 /* Main.storyboard in Resources */ = {isa = PBXBuildFile; fileRef = 48104C241CAD1F6F00E53762 /* Main.storyboard */; };
		48104C281CAD1F6F00E53762 /* Assets.xcassets in Resources */ = {isa = PBXBuildFile; fileRef = 48104C271CAD1F6F00E53762 /* Assets.xcassets */; };
		48104C2B1CAD1F6F00E53762 /* LaunchScreen.storyboard in Resources */ = {isa = PBXBuildFile; fileRef = 48104C291CAD1F6F00E53762 /* LaunchScreen.storyboard */; };
		48104C331CAD50EA00E53762 /* fhconfig.plist in Resources */ = {isa = PBXBuildFile; fileRef = 48104C321CAD50EA00E53762 /* fhconfig.plist */; };
		AEB5375488DB6469267DAC96 /* Pods_oauth_ios_swift.framework in Frameworks */ = {isa = PBXBuildFile; fileRef = 5448EA5F196384B6081B6B5F /* Pods_oauth_ios_swift.framework */; };
/* End PBXBuildFile section */

/* Begin PBXFileReference section */
		05CB805A89956E7AAD080766 /* Pods-oauth-ios-swift.release.xcconfig */ = {isa = PBXFileReference; includeInIndex = 1; lastKnownFileType = text.xcconfig; name = "Pods-oauth-ios-swift.release.xcconfig"; path = "Pods/Target Support Files/Pods-oauth-ios-swift/Pods-oauth-ios-swift.release.xcconfig"; sourceTree = "<group>"; };
		47DCA232B590EBAB63977132 /* Pods-oauth-ios-swift.debug.xcconfig */ = {isa = PBXFileReference; includeInIndex = 1; lastKnownFileType = text.xcconfig; name = "Pods-oauth-ios-swift.debug.xcconfig"; path = "Pods/Target Support Files/Pods-oauth-ios-swift/Pods-oauth-ios-swift.debug.xcconfig"; sourceTree = "<group>"; };
		48104C1D1CAD1F6F00E53762 /* oauth-ios-swift.app */ = {isa = PBXFileReference; explicitFileType = wrapper.application; includeInIndex = 0; path = "oauth-ios-swift.app"; sourceTree = BUILT_PRODUCTS_DIR; };
		48104C201CAD1F6F00E53762 /* AppDelegate.swift */ = {isa = PBXFileReference; lastKnownFileType = sourcecode.swift; path = AppDelegate.swift; sourceTree = "<group>"; };
		48104C221CAD1F6F00E53762 /* ViewController.swift */ = {isa = PBXFileReference; lastKnownFileType = sourcecode.swift; path = ViewController.swift; sourceTree = "<group>"; };
		48104C251CAD1F6F00E53762 /* Base */ = {isa = PBXFileReference; lastKnownFileType = file.storyboard; name = Base; path = Base.lproj/Main.storyboard; sourceTree = "<group>"; };
		48104C271CAD1F6F00E53762 /* Assets.xcassets */ = {isa = PBXFileReference; lastKnownFileType = folder.assetcatalog; path = Assets.xcassets; sourceTree = "<group>"; };
		48104C2A1CAD1F6F00E53762 /* Base */ = {isa = PBXFileReference; lastKnownFileType = file.storyboard; name = Base; path = Base.lproj/LaunchScreen.storyboard; sourceTree = "<group>"; };
		48104C2C1CAD1F6F00E53762 /* oauth-ios-swift-Info.plist */ = {isa = PBXFileReference; lastKnownFileType = text.plist.xml; path = "oauth-ios-swift-Info.plist"; sourceTree = "<group>"; };
		48104C321CAD50EA00E53762 /* fhconfig.plist */ = {isa = PBXFileReference; fileEncoding = 4; lastKnownFileType = text.plist.xml; path = fhconfig.plist; sourceTree = "<group>"; };
		5448EA5F196384B6081B6B5F /* Pods_oauth_ios_swift.framework */ = {isa = PBXFileReference; explicitFileType = wrapper.framework; includeInIndex = 0; path = Pods_oauth_ios_swift.framework; sourceTree = BUILT_PRODUCTS_DIR; };
/* End PBXFileReference section */

/* Begin PBXFrameworksBuildPhase section */
		48104C1A1CAD1F6F00E53762 /* Frameworks */ = {
			isa = PBXFrameworksBuildPhase;
			buildActionMask = 2147483647;
			files = (
				AEB5375488DB6469267DAC96 /* Pods_oauth_ios_swift.framework in Frameworks */,
			);
			runOnlyForDeploymentPostprocessing = 0;
		};
/* End PBXFrameworksBuildPhase section */

/* Begin PBXGroup section */
		48104C141CAD1F6F00E53762 = {
			isa = PBXGroup;
			children = (
				48104C1F1CAD1F6F00E53762 /* oauth-ios-swift */,
				48104C1E1CAD1F6F00E53762 /* Products */,
				BE6900654E2B00220088C814 /* Pods */,
				C00AAAC973CEF4A6CB196AC0 /* Frameworks */,
			);
			sourceTree = "<group>";
		};
		48104C1E1CAD1F6F00E53762 /* Products */ = {
			isa = PBXGroup;
			children = (
				48104C1D1CAD1F6F00E53762 /* oauth-ios-swift.app */,
			);
			name = Products;
			sourceTree = "<group>";
		};
		48104C1F1CAD1F6F00E53762 /* oauth-ios-swift */ = {
			isa = PBXGroup;
			children = (
				48104C201CAD1F6F00E53762 /* AppDelegate.swift */,
				48104C221CAD1F6F00E53762 /* ViewController.swift */,
				48104C241CAD1F6F00E53762 /* Main.storyboard */,
				48104C271CAD1F6F00E53762 /* Assets.xcassets */,
				48104C291CAD1F6F00E53762 /* LaunchScreen.storyboard */,
				48104C2C1CAD1F6F00E53762 /* oauth-ios-swift-Info.plist */,
				48104C321CAD50EA00E53762 /* fhconfig.plist */,
			);
			path = "oauth-ios-swift";
			sourceTree = "<group>";
		};
		BE6900654E2B00220088C814 /* Pods */ = {
			isa = PBXGroup;
			children = (
				47DCA232B590EBAB63977132 /* Pods-oauth-ios-swift.debug.xcconfig */,
				05CB805A89956E7AAD080766 /* Pods-oauth-ios-swift.release.xcconfig */,
			);
			name = Pods;
			sourceTree = "<group>";
		};
		C00AAAC973CEF4A6CB196AC0 /* Frameworks */ = {
			isa = PBXGroup;
			children = (
				5448EA5F196384B6081B6B5F /* Pods_oauth_ios_swift.framework */,
			);
			name = Frameworks;
			sourceTree = "<group>";
		};
/* End PBXGroup section */

/* Begin PBXNativeTarget section */
		48104C1C1CAD1F6F00E53762 /* oauth-ios-swift */ = {
			isa = PBXNativeTarget;
			buildConfigurationList = 48104C2F1CAD1F6F00E53762 /* Build configuration list for PBXNativeTarget "oauth-ios-swift" */;
			buildPhases = (
				5D636B36E798C5A948BE56F4 /* [CP] Check Pods Manifest.lock */,
				48104C191CAD1F6F00E53762 /* Sources */,
				48104C1A1CAD1F6F00E53762 /* Frameworks */,
				48104C1B1CAD1F6F00E53762 /* Resources */,
				E0D75E5E7EA617A69E9AFCAB /* [CP] Embed Pods Frameworks */,
				A5E93D176DAF9F03A168D9B2 /* [CP] Copy Pods Resources */,
			);
			buildRules = (
			);
			dependencies = (
			);
			name = "oauth-ios-swift";
			productName = "oauth-ios-swift";
			productReference = 48104C1D1CAD1F6F00E53762 /* oauth-ios-swift.app */;
			productType = "com.apple.product-type.application";
		};
/* End PBXNativeTarget section */

/* Begin PBXProject section */
		48104C151CAD1F6F00E53762 /* Project object */ = {
			isa = PBXProject;
			attributes = {
				LastSwiftUpdateCheck = 0720;
				LastUpgradeCheck = 0720;
				ORGANIZATIONNAME = FeedHenry;
				TargetAttributes = {
					48104C1C1CAD1F6F00E53762 = {
						CreatedOnToolsVersion = 7.2;
						LastSwiftMigration = 0810;
					};
				};
			};
			buildConfigurationList = 48104C181CAD1F6F00E53762 /* Build configuration list for PBXProject "oauth-ios-swift" */;
			compatibilityVersion = "Xcode 3.2";
			developmentRegion = English;
			hasScannedForEncodings = 0;
			knownRegions = (
				en,
				Base,
			);
			mainGroup = 48104C141CAD1F6F00E53762;
			productRefGroup = 48104C1E1CAD1F6F00E53762 /* Products */;
			projectDirPath = "";
			projectRoot = "";
			targets = (
				48104C1C1CAD1F6F00E53762 /* oauth-ios-swift */,
			);
		};
/* End PBXProject section */

/* Begin PBXResourcesBuildPhase section */
		48104C1B1CAD1F6F00E53762 /* Resources */ = {
			isa = PBXResourcesBuildPhase;
			buildActionMask = 2147483647;
			files = (
				48104C331CAD50EA00E53762 /* fhconfig.plist in Resources */,
				48104C2B1CAD1F6F00E53762 /* LaunchScreen.storyboard in Resources */,
				48104C281CAD1F6F00E53762 /* Assets.xcassets in Resources */,
				48104C261CAD1F6F00E53762 /* Main.storyboard in Resources */,
			);
			runOnlyForDeploymentPostprocessing = 0;
		};
/* End PBXResourcesBuildPhase section */

/* Begin PBXShellScriptBuildPhase section */
		5D636B36E798C5A948BE56F4 /* [CP] Check Pods Manifest.lock */ = {
			isa = PBXShellScriptBuildPhase;
			buildActionMask = 2147483647;
			files = (
			);
			inputPaths = (
			);
			name = "[CP] Check Pods Manifest.lock";
			outputPaths = (
			);
			runOnlyForDeploymentPostprocessing = 0;
			shellPath = /bin/sh;
			shellScript = "diff \"${PODS_ROOT}/../Podfile.lock\" \"${PODS_ROOT}/Manifest.lock\" > /dev/null\nif [ $? != 0 ] ; then\n    # print error to STDERR\n    echo \"error: The sandbox is not in sync with the Podfile.lock. Run \'pod install\' or update your CocoaPods installation.\" >&2\n    exit 1\nfi\n";
			showEnvVarsInLog = 0;
		};
		A5E93D176DAF9F03A168D9B2 /* [CP] Copy Pods Resources */ = {
			isa = PBXShellScriptBuildPhase;
			buildActionMask = 2147483647;
			files = (
			);
			inputPaths = (
			);
			name = "[CP] Copy Pods Resources";
			outputPaths = (
			);
			runOnlyForDeploymentPostprocessing = 0;
			shellPath = /bin/sh;
			shellScript = "\"${SRCROOT}/Pods/Target Support Files/Pods-oauth-ios-swift/Pods-oauth-ios-swift-resources.sh\"\n";
			showEnvVarsInLog = 0;
		};
		E0D75E5E7EA617A69E9AFCAB /* [CP] Embed Pods Frameworks */ = {
			isa = PBXShellScriptBuildPhase;
			buildActionMask = 2147483647;
			files = (
			);
			inputPaths = (
			);
			name = "[CP] Embed Pods Frameworks";
			outputPaths = (
			);
			runOnlyForDeploymentPostprocessing = 0;
			shellPath = /bin/sh;
			shellScript = "\"${SRCROOT}/Pods/Target Support Files/Pods-oauth-ios-swift/Pods-oauth-ios-swift-frameworks.sh\"\n";
			showEnvVarsInLog = 0;
		};
/* End PBXShellScriptBuildPhase section */

/* Begin PBXSourcesBuildPhase section */
		48104C191CAD1F6F00E53762 /* Sources */ = {
			isa = PBXSourcesBuildPhase;
			buildActionMask = 2147483647;
			files = (
				48104C231CAD1F6F00E53762 /* ViewController.swift in Sources */,
				48104C211CAD1F6F00E53762 /* AppDelegate.swift in Sources */,
			);
			runOnlyForDeploymentPostprocessing = 0;
		};
/* End PBXSourcesBuildPhase section */

/* Begin PBXVariantGroup section */
		48104C241CAD1F6F00E53762 /* Main.storyboard */ = {
			isa = PBXVariantGroup;
			children = (
				48104C251CAD1F6F00E53762 /* Base */,
			);
			name = Main.storyboard;
			sourceTree = "<group>";
		};
		48104C291CAD1F6F00E53762 /* LaunchScreen.storyboard */ = {
			isa = PBXVariantGroup;
			children = (
				48104C2A1CAD1F6F00E53762 /* Base */,
			);
			name = LaunchScreen.storyboard;
			sourceTree = "<group>";
		};
/* End PBXVariantGroup section */

/* Begin XCBuildConfiguration section */
		48104C2D1CAD1F6F00E53762 /* Debug */ = {
			isa = XCBuildConfiguration;
			buildSettings = {
				ALWAYS_SEARCH_USER_PATHS = NO;
				CLANG_CXX_LANGUAGE_STANDARD = "gnu++0x";
				CLANG_CXX_LIBRARY = "libc++";
				CLANG_ENABLE_MODULES = YES;
				CLANG_ENABLE_OBJC_ARC = YES;
				CLANG_WARN_BOOL_CONVERSION = YES;
				CLANG_WARN_CONSTANT_CONVERSION = YES;
				CLANG_WARN_DIRECT_OBJC_ISA_USAGE = YES_ERROR;
				CLANG_WARN_EMPTY_BODY = YES;
				CLANG_WARN_ENUM_CONVERSION = YES;
				CLANG_WARN_INT_CONVERSION = YES;
				CLANG_WARN_OBJC_ROOT_CLASS = YES_ERROR;
				CLANG_WARN_UNREACHABLE_CODE = YES;
				CLANG_WARN__DUPLICATE_METHOD_MATCH = YES;
				"CODE_SIGN_IDENTITY[sdk=iphoneos*]" = "iPhone Developer";
				COPY_PHASE_STRIP = NO;
				DEBUG_INFORMATION_FORMAT = dwarf;
				ENABLE_STRICT_OBJC_MSGSEND = YES;
				ENABLE_TESTABILITY = YES;
				GCC_C_LANGUAGE_STANDARD = gnu99;
				GCC_DYNAMIC_NO_PIC = NO;
				GCC_NO_COMMON_BLOCKS = YES;
				GCC_OPTIMIZATION_LEVEL = 0;
				GCC_PREPROCESSOR_DEFINITIONS = (
					"DEBUG=1",
					"$(inherited)",
				);
				GCC_WARN_64_TO_32_BIT_CONVERSION = YES;
				GCC_WARN_ABOUT_RETURN_TYPE = YES_ERROR;
				GCC_WARN_UNDECLARED_SELECTOR = YES;
				GCC_WARN_UNINITIALIZED_AUTOS = YES_AGGRESSIVE;
				GCC_WARN_UNUSED_FUNCTION = YES;
				GCC_WARN_UNUSED_VARIABLE = YES;
				IPHONEOS_DEPLOYMENT_TARGET = 8.0;
				MTL_ENABLE_DEBUG_INFO = YES;
				ONLY_ACTIVE_ARCH = YES;
				SDKROOT = iphoneos;
				SWIFT_OPTIMIZATION_LEVEL = "-Onone";
				TARGETED_DEVICE_FAMILY = "1,2";
			};
			name = Debug;
		};
		48104C2E1CAD1F6F00E53762 /* Release */ = {
			isa = XCBuildConfiguration;
			buildSettings = {
				ALWAYS_SEARCH_USER_PATHS = NO;
				CLANG_CXX_LANGUAGE_STANDARD = "gnu++0x";
				CLANG_CXX_LIBRARY = "libc++";
				CLANG_ENABLE_MODULES = YES;
				CLANG_ENABLE_OBJC_ARC = YES;
				CLANG_WARN_BOOL_CONVERSION = YES;
				CLANG_WARN_CONSTANT_CONVERSION = YES;
				CLANG_WARN_DIRECT_OBJC_ISA_USAGE = YES_ERROR;
				CLANG_WARN_EMPTY_BODY = YES;
				CLANG_WARN_ENUM_CONVERSION = YES;
				CLANG_WARN_INT_CONVERSION = YES;
				CLANG_WARN_OBJC_ROOT_CLASS = YES_ERROR;
				CLANG_WARN_UNREACHABLE_CODE = YES;
				CLANG_WARN__DUPLICATE_METHOD_MATCH = YES;
				"CODE_SIGN_IDENTITY[sdk=iphoneos*]" = "iPhone Developer";
				COPY_PHASE_STRIP = NO;
				DEBUG_INFORMATION_FORMAT = "dwarf-with-dsym";
				ENABLE_NS_ASSERTIONS = NO;
				ENABLE_STRICT_OBJC_MSGSEND = YES;
				GCC_C_LANGUAGE_STANDARD = gnu99;
				GCC_NO_COMMON_BLOCKS = YES;
				GCC_WARN_64_TO_32_BIT_CONVERSION = YES;
				GCC_WARN_ABOUT_RETURN_TYPE = YES_ERROR;
				GCC_WARN_UNDECLARED_SELECTOR = YES;
				GCC_WARN_UNINITIALIZED_AUTOS = YES_AGGRESSIVE;
				GCC_WARN_UNUSED_FUNCTION = YES;
				GCC_WARN_UNUSED_VARIABLE = YES;
				IPHONEOS_DEPLOYMENT_TARGET = 8.0;
				MTL_ENABLE_DEBUG_INFO = NO;
				SDKROOT = iphoneos;
				TARGETED_DEVICE_FAMILY = "1,2";
				VALIDATE_PRODUCT = YES;
			};
			name = Release;
		};
		48104C301CAD1F6F00E53762 /* Debug */ = {
			isa = XCBuildConfiguration;
			baseConfigurationReference = 47DCA232B590EBAB63977132 /* Pods-oauth-ios-swift.debug.xcconfig */;
			buildSettings = {
				ASSETCATALOG_COMPILER_APPICON_NAME = AppIcon;
				INFOPLIST_FILE = "$(SRCROOT)/oauth-ios-swift/oauth-ios-swift-Info.plist";
				LD_RUNPATH_SEARCH_PATHS = "$(inherited) @executable_path/Frameworks";
				PRODUCT_BUNDLE_IDENTIFIER = "org.feedhenry.oauth-ios-swift";
				PRODUCT_NAME = "$(TARGET_NAME)";
				SWIFT_VERSION = 2.3;
			};
			name = Debug;
		};
		48104C311CAD1F6F00E53762 /* Release */ = {
			isa = XCBuildConfiguration;
			baseConfigurationReference = 05CB805A89956E7AAD080766 /* Pods-oauth-ios-swift.release.xcconfig */;
			buildSettings = {
				ASSETCATALOG_COMPILER_APPICON_NAME = AppIcon;
				INFOPLIST_FILE = "$(SRCROOT)/oauth-ios-swift/oauth-ios-swift-Info.plist";
				LD_RUNPATH_SEARCH_PATHS = "$(inherited) @executable_path/Frameworks";
				PRODUCT_BUNDLE_IDENTIFIER = "org.feedhenry.oauth-ios-swift";
				PRODUCT_NAME = "$(TARGET_NAME)";
				SWIFT_VERSION = 2.3;
			};
			name = Release;
		};
/* End XCBuildConfiguration section */

/* Begin XCConfigurationList section */
		48104C181CAD1F6F00E53762 /* Build configuration list for PBXProject "oauth-ios-swift" */ = {
			isa = XCConfigurationList;
			buildConfigurations = (
				48104C2D1CAD1F6F00E53762 /* Debug */,
				48104C2E1CAD1F6F00E53762 /* Release */,
			);
			defaultConfigurationIsVisible = 0;
			defaultConfigurationName = Release;
		};
		48104C2F1CAD1F6F00E53762 /* Build configuration list for PBXNativeTarget "oauth-ios-swift" */ = {
			isa = XCConfigurationList;
			buildConfigurations = (
				48104C301CAD1F6F00E53762 /* Debug */,
				48104C311CAD1F6F00E53762 /* Release */,
			);
			defaultConfigurationIsVisible = 0;
			defaultConfigurationName = Release;
		};
/* End XCConfigurationList section */
	};
	rootObject = 48104C151CAD1F6F00E53762 /* Project object */;
}
